{
  "requires": true,
  "lockfileVersion": 1,
  "dependencies": {
    "bourbon": {
      "version": "5.1.0",
      "resolved": "https://registry.npmjs.org/bourbon/-/bourbon-5.1.0.tgz",
      "integrity": "sha512-rO4rwNAVNuzPmnL+DruxAe7DR2YFFo4nHsgDVRd9URMgDxtHmVBUnvFLXPan6teVe7jkybCyxcnR+CKClotj3g=="
    },
    "lazysizes": {
      "version": "5.1.1",
      "resolved": "https://registry.npmjs.org/lazysizes/-/lazysizes-5.1.1.tgz",
      "integrity": "sha512-UCbdRSsozjlS6r56dPMFXX+AW2t8G0duRKxQDwvEpNTrWOHQo56YlTx5ssT7epU87PoruF1q9tvW3kSbQjorMw=="
    },
    "lightbox2": {
      "version": "2.11.1",
      "resolved": "https://registry.npmjs.org/lightbox2/-/lightbox2-2.11.1.tgz",
      "integrity": "sha512-24vsIspqtcnkVlh6XgGK+vHm9tUc2/x4tNpAQdEAbafIrTk4fzVgozcIX7ExUG0TAlhsE7VMtWc+WD5Sb7PiXA=="
    }
  }
}
